
Microsoft Visual Studio Solution File, Format Version 12.00
# Visual Studio Version 16
VisualStudioVersion = 16.0.31729.503
MinimumVisualStudioVersion = 10.0.40219.1
Project("{FAE04EC0-301F-11D3-BF4B-00C04F79EFBC}") = "SoundsDetect.Android", "SoundsDetect\SoundsDetect.Android\SoundsDetect.Android.csproj", "{AA448B88-7977-40A0-A9BA-E5B42F18A82B}"
EndProject
Project("{FAE04EC0-301F-11D3-BF4B-00C04F79EFBC}") = "SoundsDetect", "SoundsDetect\SoundsDetect\SoundsDetect.csproj", "{1D733741-8744-4F8C-9993-C78F18402B70}"
EndProject
Global
	GlobalSection(SolutionConfigurationPlatforms) = preSolution
		Debug|Any CPU = Debug|Any CPU
		Release|Any CPU = Release|Any CPU
	EndGlobalSection
	GlobalSection(ProjectConfigurationPlatforms) = postSolution
		{AA448B88-7977-40A0-A9BA-E5B42F18A82B}.Debug|Any CPU.ActiveCfg = Debug|Any CPU
		{AA448B88-7977-40A0-A9BA-E5B42F18A82B}.Debug|Any CPU.Build.0 = Debug|Any CPU
		{AA448B88-7977-40A0-A9BA-E5B42F18A82B}.Debug|Any CPU.Deploy.0 = Debug|Any CPU
		{AA448B88-7977-40A0-A9BA-E5B42F18A82B}.Release|Any CPU.ActiveCfg = Release|Any CPU
		{AA448B88-7977-40A0-A9BA-E5B42F18A82B}.Release|Any CPU.Build.0 = Release|Any CPU
		{AA448B88-7977-40A0-A9BA-E5B42F18A82B}.Release|Any CPU.Deploy.0 = Release|Any CPU
		{1D733741-8744-4F8C-9993-C78F18402B70}.Debug|Any CPU.ActiveCfg = Debug|Any CPU
		{1D733741-8744-4F8C-9993-C78F18402B70}.Debug|Any CPU.Build.0 = Debug|Any CPU
		{1D733741-8744-4F8C-9993-C78F18402B70}.Release|Any CPU.ActiveCfg = Release|Any CPU
		{1D733741-8744-4F8C-9993-C78F18402B70}.Release|Any CPU.Build.0 = Release|Any CPU
	EndGlobalSection
	GlobalSection(SolutionProperties) = preSolution
		HideSolutionNode = FALSE
	EndGlobalSection
	GlobalSection(ExtensibilityGlobals) = postSolution
		SolutionGuid = {052A04C4-EF6B-4879-B0C3-14FC2E32EA55}
	EndGlobalSection
EndGlobal
